
Microsoft Visual Studio Solution File, Format Version 12.00
# Visual Studio Version 17
VisualStudioVersion = 17.7.34031.279
MinimumVisualStudioVersion = 10.0.40219.1
Project("{FAE04EC0-301F-11D3-BF4B-00C04F79EFBC}") = "CodePractice", "CodePractice\CodePractice.csproj", "{DBEEDB16-FF1E-449F-AF3F-7046625C252F}"
EndProject
Project("{FAE04EC0-301F-11D3-BF4B-00C04F79EFBC}") = "Algorithms", "Algorithms\Algorithms.csproj", "{16A11FA6-5426-47E2-96F6-E64E061D2634}"
EndProject
Global
	GlobalSection(SolutionConfigurationPlatforms) = preSolution
		Debug|Any CPU = Debug|Any CPU
		Release|Any CPU = Release|Any CPU
	EndGlobalSection
	GlobalSection(ProjectConfigurationPlatforms) = postSolution
		{DBEEDB16-FF1E-449F-AF3F-7046625C252F}.Debug|Any CPU.ActiveCfg = Debug|Any CPU
		{DBEEDB16-FF1E-449F-AF3F-7046625C252F}.Debug|Any CPU.Build.0 = Debug|Any CPU
		{DBEEDB16-FF1E-449F-AF3F-7046625C252F}.Release|Any CPU.ActiveCfg = Release|Any CPU
		{DBEEDB16-FF1E-449F-AF3F-7046625C252F}.Release|Any CPU.Build.0 = Release|Any CPU
		{16A11FA6-5426-47E2-96F6-E64E061D2634}.Debug|Any CPU.ActiveCfg = Debug|Any CPU
		{16A11FA6-5426-47E2-96F6-E64E061D2634}.Debug|Any CPU.Build.0 = Debug|Any CPU
		{16A11FA6-5426-47E2-96F6-E64E061D2634}.Release|Any CPU.ActiveCfg = Release|Any CPU
		{16A11FA6-5426-47E2-96F6-E64E061D2634}.Release|Any CPU.Build.0 = Release|Any CPU
	EndGlobalSection
	GlobalSection(SolutionProperties) = preSolution
		HideSolutionNode = FALSE
	EndGlobalSection
	GlobalSection(ExtensibilityGlobals) = postSolution
		SolutionGuid = {67C81EAC-6DE5-4B8C-9F8D-B7512809ECEC}
	EndGlobalSection
EndGlobal
